
Microsoft Visual Studio Solution File, Format Version 12.00
Project("{FAE04EC0-301F-11D3-BF4B-00C04F79EFBC}") = "Travel.Api", "Travel.Api\Travel.Api.csproj", "{DE85A445-3249-451B-A81D-771E18F6251A}"
EndProject
Project("{FAE04EC0-301F-11D3-BF4B-00C04F79EFBC}") = "Travel.Model", "Travel.Model\Travel.Model.csproj", "{49AC2356-8826-4B86-883A-9CCC7ADA79E7}"
EndProject
Project("{FAE04EC0-301F-11D3-BF4B-00C04F79EFBC}") = "Travel.Infrastructure", "Travel.Infrastructure\Travel.Infrastructure.csproj", "{2DE4DFBC-BA71-4E49-A770-D2818FFE7DFE}"
EndProject
Project("{2150E333-8FDC-42A3-9474-1A3956D46DE8}") = "Solution Items", "Solution Items", "{B35F561F-0CE7-4C6F-87E3-6EA3777EC94D}"
	ProjectSection(SolutionItems) = preProject
		compose.yaml = compose.yaml
		.env = .env
		README.md = README.md
	EndProjectSection
EndProject
Project("{FAE04EC0-301F-11D3-BF4B-00C04F79EFBC}") = "Travel.Domain", "Travel.Domain\Travel.Domain.csproj", "{E82C6E4D-D452-4DC2-8697-558BF8070FCF}"
EndProject
Project("{FAE04EC0-301F-11D3-BF4B-00C04F79EFBC}") = "Travel.Test", "Travel.Test\Travel.Test.csproj", "{9C782AB2-4ED5-4953-AC2D-93A288179931}"
EndProject
Global
	GlobalSection(SolutionConfigurationPlatforms) = preSolution
		Debug|Any CPU = Debug|Any CPU
		Release|Any CPU = Release|Any CPU
	EndGlobalSection
	GlobalSection(ProjectConfigurationPlatforms) = postSolution
		{DE85A445-3249-451B-A81D-771E18F6251A}.Debug|Any CPU.ActiveCfg = Debug|Any CPU
		{DE85A445-3249-451B-A81D-771E18F6251A}.Debug|Any CPU.Build.0 = Debug|Any CPU
		{DE85A445-3249-451B-A81D-771E18F6251A}.Release|Any CPU.ActiveCfg = Release|Any CPU
		{DE85A445-3249-451B-A81D-771E18F6251A}.Release|Any CPU.Build.0 = Release|Any CPU
		{49AC2356-8826-4B86-883A-9CCC7ADA79E7}.Debug|Any CPU.ActiveCfg = Debug|Any CPU
		{49AC2356-8826-4B86-883A-9CCC7ADA79E7}.Debug|Any CPU.Build.0 = Debug|Any CPU
		{49AC2356-8826-4B86-883A-9CCC7ADA79E7}.Release|Any CPU.ActiveCfg = Release|Any CPU
		{49AC2356-8826-4B86-883A-9CCC7ADA79E7}.Release|Any CPU.Build.0 = Release|Any CPU
		{2DE4DFBC-BA71-4E49-A770-D2818FFE7DFE}.Debug|Any CPU.ActiveCfg = Debug|Any CPU
		{2DE4DFBC-BA71-4E49-A770-D2818FFE7DFE}.Debug|Any CPU.Build.0 = Debug|Any CPU
		{2DE4DFBC-BA71-4E49-A770-D2818FFE7DFE}.Release|Any CPU.ActiveCfg = Release|Any CPU
		{2DE4DFBC-BA71-4E49-A770-D2818FFE7DFE}.Release|Any CPU.Build.0 = Release|Any CPU
		{E82C6E4D-D452-4DC2-8697-558BF8070FCF}.Debug|Any CPU.ActiveCfg = Debug|Any CPU
		{E82C6E4D-D452-4DC2-8697-558BF8070FCF}.Debug|Any CPU.Build.0 = Debug|Any CPU
		{E82C6E4D-D452-4DC2-8697-558BF8070FCF}.Release|Any CPU.ActiveCfg = Release|Any CPU
		{E82C6E4D-D452-4DC2-8697-558BF8070FCF}.Release|Any CPU.Build.0 = Release|Any CPU
		{9C782AB2-4ED5-4953-AC2D-93A288179931}.Debug|Any CPU.ActiveCfg = Debug|Any CPU
		{9C782AB2-4ED5-4953-AC2D-93A288179931}.Debug|Any CPU.Build.0 = Debug|Any CPU
		{9C782AB2-4ED5-4953-AC2D-93A288179931}.Release|Any CPU.ActiveCfg = Release|Any CPU
		{9C782AB2-4ED5-4953-AC2D-93A288179931}.Release|Any CPU.Build.0 = Release|Any CPU
	EndGlobalSection
	GlobalSection(NestedProjects) = preSolution
	EndGlobalSection
EndGlobal
