
Microsoft Visual Studio Solution File, Format Version 12.00
Project("{FAE04EC0-301F-11D3-BF4B-00C04F79EFBC}") = "Travel.Api", "Travel.Api\Travel.Api.csproj", "{DE85A445-3249-451B-A81D-771E18F6251A}"
EndProject
Project("{FAE04EC0-301F-11D3-BF4B-00C04F79EFBC}") = "Travel.Model", "Travel.Model\Travel.Model.csproj", "{49AC2356-8826-4B86-883A-9CCC7ADA79E7}"
EndProject
Project("{FAE04EC0-301F-11D3-BF4B-00C04F79EFBC}") = "Travel.Infrastructure", "Travel.Infrastructure\Travel.Infrastructure.csproj", "{2DE4DFBC-BA71-4E49-A770-D2818FFE7DFE}"
EndProject
Global
	GlobalSection(SolutionConfigurationPlatforms) = preSolution
		Debug|Any CPU = Debug|Any CPU
		Release|Any CPU = Release|Any CPU
	EndGlobalSection
	GlobalSection(ProjectConfigurationPlatforms) = postSolution
		{DE85A445-3249-451B-A81D-771E18F6251A}.Debug|Any CPU.ActiveCfg = Debug|Any CPU
		{DE85A445-3249-451B-A81D-771E18F6251A}.Debug|Any CPU.Build.0 = Debug|Any CPU
		{DE85A445-3249-451B-A81D-771E18F6251A}.Release|Any CPU.ActiveCfg = Release|Any CPU
		{DE85A445-3249-451B-A81D-771E18F6251A}.Release|Any CPU.Build.0 = Release|Any CPU
		{49AC2356-8826-4B86-883A-9CCC7ADA79E7}.Debug|Any CPU.ActiveCfg = Debug|Any CPU
		{49AC2356-8826-4B86-883A-9CCC7ADA79E7}.Debug|Any CPU.Build.0 = Debug|Any CPU
		{49AC2356-8826-4B86-883A-9CCC7ADA79E7}.Release|Any CPU.ActiveCfg = Release|Any CPU
		{49AC2356-8826-4B86-883A-9CCC7ADA79E7}.Release|Any CPU.Build.0 = Release|Any CPU
		{2DE4DFBC-BA71-4E49-A770-D2818FFE7DFE}.Debug|Any CPU.ActiveCfg = Debug|Any CPU
		{2DE4DFBC-BA71-4E49-A770-D2818FFE7DFE}.Debug|Any CPU.Build.0 = Debug|Any CPU
		{2DE4DFBC-BA71-4E49-A770-D2818FFE7DFE}.Release|Any CPU.ActiveCfg = Release|Any CPU
		{2DE4DFBC-BA71-4E49-A770-D2818FFE7DFE}.Release|Any CPU.Build.0 = Release|Any CPU
	EndGlobalSection
EndGlobal
